
Microsoft Visual Studio Solution File, Format Version 12.00
# Visual Studio Version 17
VisualStudioVersion = 17.11.35222.181
MinimumVisualStudioVersion = 10.0.40219.1
Project("{9A19103F-16F7-4668-BE54-9A1E7A4F7556}") = "Finance", "Finance\Finance.csproj", "{FC28C81D-3E65-41ED-B292-E41E0515411A}"
EndProject
Project("{2150E333-8FDC-42A3-9474-1A3956D46DE8}") = "Solution Items", "Solution Items", "{83827AFA-3BE5-438D-BBE0-CDE000AA8F61}"
	ProjectSection(SolutionItems) = preProject
		docker-compose.yml = docker-compose.yml
	EndProjectSection
EndProject
Global
	GlobalSection(SolutionConfigurationPlatforms) = preSolution
		Debug|Any CPU = Debug|Any CPU
		Release|Any CPU = Release|Any CPU
	EndGlobalSection
	GlobalSection(ProjectConfigurationPlatforms) = postSolution
		{FC28C81D-3E65-41ED-B292-E41E0515411A}.Debug|Any CPU.ActiveCfg = Debug|Any CPU
		{FC28C81D-3E65-41ED-B292-E41E0515411A}.Debug|Any CPU.Build.0 = Debug|Any CPU
		{FC28C81D-3E65-41ED-B292-E41E0515411A}.Release|Any CPU.ActiveCfg = Release|Any CPU
		{FC28C81D-3E65-41ED-B292-E41E0515411A}.Release|Any CPU.Build.0 = Release|Any CPU
	EndGlobalSection
	GlobalSection(SolutionProperties) = preSolution
		HideSolutionNode = FALSE
	EndGlobalSection
	GlobalSection(ExtensibilityGlobals) = postSolution
		SolutionGuid = {7FC0613B-DDA4-4358-B354-AE6BC563F45F}
	EndGlobalSection
EndGlobal
